
Microsoft Visual Studio Solution File, Format Version 12.00
# Visual Studio Version 16
VisualStudioVersion = 16.0.30907.101
MinimumVisualStudioVersion = 10.0.40219.1
Project("{FAE04EC0-301F-11D3-BF4B-00C04F79EFBC}") = "satterlee_assignment5", "satterlee_assignment5\satterlee_assignment5.csproj", "{AF54D900-1F0D-45F1-9B51-85C2DD946B43}"
EndProject
Global
	GlobalSection(SolutionConfigurationPlatforms) = preSolution
		Debug|Any CPU = Debug|Any CPU
		Release|Any CPU = Release|Any CPU
	EndGlobalSection
	GlobalSection(ProjectConfigurationPlatforms) = postSolution
		{AF54D900-1F0D-45F1-9B51-85C2DD946B43}.Debug|Any CPU.ActiveCfg = Debug|Any CPU
		{AF54D900-1F0D-45F1-9B51-85C2DD946B43}.Debug|Any CPU.Build.0 = Debug|Any CPU
		{AF54D900-1F0D-45F1-9B51-85C2DD946B43}.Release|Any CPU.ActiveCfg = Release|Any CPU
		{AF54D900-1F0D-45F1-9B51-85C2DD946B43}.Release|Any CPU.Build.0 = Release|Any CPU
	EndGlobalSection
	GlobalSection(SolutionProperties) = preSolution
		HideSolutionNode = FALSE
	EndGlobalSection
	GlobalSection(ExtensibilityGlobals) = postSolution
		SolutionGuid = {848B3376-01FE-43C4-BE28-BE4B39074F65}
	EndGlobalSection
EndGlobal
